{
   "name": "homebridge-ewelink",
   "version": "2.19.2",
   "lockfileVersion": 1,
   "requires": true,
   "dependencies": {
      "axios": {
         "version": "0.19.2",
         "resolved": "https://registry.npmjs.org/axios/-/axios-0.19.2.tgz",
         "integrity": "sha512-fjgm5MvRHLhx+osE2xoekY70AhARk3a6hkN+3Io1jc00jtquGvxYlKlsFUhmUET0V5te6CcZI7lcv2Ym61mjHA==",
         "requires": {
            "follow-redirects": "1.5.10"
         }
      },
      "color-convert": {
         "version": "2.0.1",
         "resolved": "https://registry.npmjs.org/color-convert/-/color-convert-2.0.1.tgz",
         "integrity": "sha512-RRECPsj7iu/xb5oKYcsFHSppFNnsj/52OVTRKb4zP5onXwVF3zVmmToNcOfGC+CRDpfK/U584fMg38ZHCaElKQ==",
         "requires": {
            "color-name": "~1.1.4"
         }
      },
      "color-name": {
         "version": "1.1.4",
         "resolved": "https://registry.npmjs.org/color-name/-/color-name-1.1.4.tgz",
         "integrity": "sha512-dOy+3AuW3a2wNbZHIuMZpTcgjGuLU/uBL/ubcZF9OXbDo8ff4O8yVp5Bf0efS8uEoYo5q4Fx7dY9OgQGXgAsQA=="
      },
      "debug": {
         "version": "3.1.0",
         "resolved": "https://registry.npmjs.org/debug/-/debug-3.1.0.tgz",
         "integrity": "sha512-OX8XqP7/1a9cqkxYw2yXss15f26NKWBpDXQd0/uK/KPqdQhxbPa994hnzjcE2VqQpDslf55723cKPUOGSmMY3g==",
         "requires": {
            "ms": "2.0.0"
         }
      },
      "follow-redirects": {
         "version": "1.5.10",
         "resolved": "https://registry.npmjs.org/follow-redirects/-/follow-redirects-1.5.10.tgz",
         "integrity": "sha512-0V5l4Cizzvqt5D44aTXbFZz+FtyXV1vrDN6qrelxtfYQKW0KO0W2T/hkE8xvGa/540LkZlkaUjO4ailYTFtHVQ==",
         "requires": {
            "debug": "=3.1.0"
         }
      },
      "ms": {
         "version": "2.0.0",
         "resolved": "https://registry.npmjs.org/ms/-/ms-2.0.0.tgz",
         "integrity": "sha1-VgiurfwAvmwpAd9fmGF4jeDVl8g="
      },
      "node-dns-sd": {
         "version": "0.4.1",
         "resolved": "https://registry.npmjs.org/node-dns-sd/-/node-dns-sd-0.4.1.tgz",
         "integrity": "sha512-x+WSuMgvDBQv24OCq75YHcZj1SOzvP5fU4Tz+PBUiVvVBsfc+9XAHAuIftaCpf2nPLl+ys71uZoGr/v9fVDa6A=="
      },
      "ws": {
         "version": "7.3.1",
         "resolved": "https://registry.npmjs.org/ws/-/ws-7.3.1.tgz",
         "integrity": "sha512-D3RuNkynyHmEJIpD2qrgVkc9DQ23OrN/moAwZX4L8DfvszsJxpjQuUq3LMx6HoYji9fbIOBY18XWBsAux1ZZUA=="
      }
   }
}
