{
   "name": "homebridge-ewelink",
   "version": "2.25.0-2",
   "lockfileVersion": 1,
   "requires": true,
   "dependencies": {
      "axios": {
         "version": "0.20.0",
         "resolved": "https://registry.npmjs.org/axios/-/axios-0.20.0.tgz",
         "integrity": "sha512-ANA4rr2BDcmmAQLOKft2fufrtuvlqR+cXNNinUmvfeSNCOF98PZL+7M/v1zIdGo7OLjEA9J2gXJL+j4zGsl0bA==",
         "requires": {
            "follow-redirects": "^1.10.0"
         }
      },
      "color-convert": {
         "version": "2.0.1",
         "resolved": "https://registry.npmjs.org/color-convert/-/color-convert-2.0.1.tgz",
         "integrity": "sha512-RRECPsj7iu/xb5oKYcsFHSppFNnsj/52OVTRKb4zP5onXwVF3zVmmToNcOfGC+CRDpfK/U584fMg38ZHCaElKQ==",
         "requires": {
            "color-name": "~1.1.4"
         }
      },
      "color-name": {
         "version": "1.1.4",
         "resolved": "https://registry.npmjs.org/color-name/-/color-name-1.1.4.tgz",
         "integrity": "sha512-dOy+3AuW3a2wNbZHIuMZpTcgjGuLU/uBL/ubcZF9OXbDo8ff4O8yVp5Bf0efS8uEoYo5q4Fx7dY9OgQGXgAsQA=="
      },
      "follow-redirects": {
         "version": "1.13.0",
         "resolved": "https://registry.npmjs.org/follow-redirects/-/follow-redirects-1.13.0.tgz",
         "integrity": "sha512-aq6gF1BEKje4a9i9+5jimNFIpq4Q1WiwBToeRK5NvZBd/TRsmW8BsJfOEGkr76TbOyPVD3OVDN910EcUNtRYEA=="
      },
      "node-dns-sd": {
         "version": "0.4.1",
         "resolved": "https://registry.npmjs.org/node-dns-sd/-/node-dns-sd-0.4.1.tgz",
         "integrity": "sha512-x+WSuMgvDBQv24OCq75YHcZj1SOzvP5fU4Tz+PBUiVvVBsfc+9XAHAuIftaCpf2nPLl+ys71uZoGr/v9fVDa6A=="
      },
      "ws": {
         "version": "7.3.1",
         "resolved": "https://registry.npmjs.org/ws/-/ws-7.3.1.tgz",
         "integrity": "sha512-D3RuNkynyHmEJIpD2qrgVkc9DQ23OrN/moAwZX4L8DfvszsJxpjQuUq3LMx6HoYji9fbIOBY18XWBsAux1ZZUA=="
      }
   }
}
